
Microsoft Visual Studio Solution File, Format Version 12.00
# Visual Studio Version 17
VisualStudioVersion = 17.14.36623.8 d17.14
MinimumVisualStudioVersion = 10.0.40219.1
Project("{FAE04EC0-301F-11D3-BF4B-00C04F79EFBC}") = "Talabat.Apis", "Talabat.Apis\Talabat.Apis.csproj", "{E5CC2510-A9ED-4F02-8245-8E9F88DC14C2}"
EndProject
Project("{FAE04EC0-301F-11D3-BF4B-00C04F79EFBC}") = "Talabat.Core", "Talabat.Core\Talabat.Core.csproj", "{AC64678E-8331-41E0-8259-DBB0CB7061AF}"
EndProject
Project("{FAE04EC0-301F-11D3-BF4B-00C04F79EFBC}") = "Talabat.Application", "Talabat.Application\Talabat.Application.csproj", "{761EDA84-80D3-4D49-B07A-4A2D583159AB}"
EndProject
Project("{FAE04EC0-301F-11D3-BF4B-00C04F79EFBC}") = "Talabat.Infrastructure", "Talabat.Infrastructure\Talabat.Infrastructure.csproj", "{2233ED23-57E8-4457-B082-D744EBF0E2EE}"
EndProject
Global
	GlobalSection(SolutionConfigurationPlatforms) = preSolution
		Debug|Any CPU = Debug|Any CPU
		Release|Any CPU = Release|Any CPU
	EndGlobalSection
	GlobalSection(ProjectConfigurationPlatforms) = postSolution
		{E5CC2510-A9ED-4F02-8245-8E9F88DC14C2}.Debug|Any CPU.ActiveCfg = Debug|Any CPU
		{E5CC2510-A9ED-4F02-8245-8E9F88DC14C2}.Debug|Any CPU.Build.0 = Debug|Any CPU
		{E5CC2510-A9ED-4F02-8245-8E9F88DC14C2}.Release|Any CPU.ActiveCfg = Release|Any CPU
		{E5CC2510-A9ED-4F02-8245-8E9F88DC14C2}.Release|Any CPU.Build.0 = Release|Any CPU
		{AC64678E-8331-41E0-8259-DBB0CB7061AF}.Debug|Any CPU.ActiveCfg = Debug|Any CPU
		{AC64678E-8331-41E0-8259-DBB0CB7061AF}.Debug|Any CPU.Build.0 = Debug|Any CPU
		{AC64678E-8331-41E0-8259-DBB0CB7061AF}.Release|Any CPU.ActiveCfg = Release|Any CPU
		{AC64678E-8331-41E0-8259-DBB0CB7061AF}.Release|Any CPU.Build.0 = Release|Any CPU
		{761EDA84-80D3-4D49-B07A-4A2D583159AB}.Debug|Any CPU.ActiveCfg = Debug|Any CPU
		{761EDA84-80D3-4D49-B07A-4A2D583159AB}.Debug|Any CPU.Build.0 = Debug|Any CPU
		{761EDA84-80D3-4D49-B07A-4A2D583159AB}.Release|Any CPU.ActiveCfg = Release|Any CPU
		{761EDA84-80D3-4D49-B07A-4A2D583159AB}.Release|Any CPU.Build.0 = Release|Any CPU
		{2233ED23-57E8-4457-B082-D744EBF0E2EE}.Debug|Any CPU.ActiveCfg = Debug|Any CPU
		{2233ED23-57E8-4457-B082-D744EBF0E2EE}.Debug|Any CPU.Build.0 = Debug|Any CPU
		{2233ED23-57E8-4457-B082-D744EBF0E2EE}.Release|Any CPU.ActiveCfg = Release|Any CPU
		{2233ED23-57E8-4457-B082-D744EBF0E2EE}.Release|Any CPU.Build.0 = Release|Any CPU
	EndGlobalSection
	GlobalSection(SolutionProperties) = preSolution
		HideSolutionNode = FALSE
	EndGlobalSection
	GlobalSection(ExtensibilityGlobals) = postSolution
		SolutionGuid = {A2A7859A-2DC8-4A5C-A071-8F25DE91E772}
	EndGlobalSection
EndGlobal
